
Microsoft Visual Studio Solution File, Format Version 12.00
# Visual Studio Version 16
VisualStudioVersion = 16.0.32106.194
MinimumVisualStudioVersion = 10.0.40219.1
Project("{FAE04EC0-301F-11D3-BF4B-00C04F79EFBC}") = "PartialClass", "PartialClass\PartialClass.csproj", "{90AF0A92-8B11-41EE-B06F-E3FB5BA6F2A1}"
EndProject
Global
	GlobalSection(SolutionConfigurationPlatforms) = preSolution
		Debug|Any CPU = Debug|Any CPU
		Release|Any CPU = Release|Any CPU
	EndGlobalSection
	GlobalSection(ProjectConfigurationPlatforms) = postSolution
		{90AF0A92-8B11-41EE-B06F-E3FB5BA6F2A1}.Debug|Any CPU.ActiveCfg = Debug|Any CPU
		{90AF0A92-8B11-41EE-B06F-E3FB5BA6F2A1}.Debug|Any CPU.Build.0 = Debug|Any CPU
		{90AF0A92-8B11-41EE-B06F-E3FB5BA6F2A1}.Release|Any CPU.ActiveCfg = Release|Any CPU
		{90AF0A92-8B11-41EE-B06F-E3FB5BA6F2A1}.Release|Any CPU.Build.0 = Release|Any CPU
	EndGlobalSection
	GlobalSection(SolutionProperties) = preSolution
		HideSolutionNode = FALSE
	EndGlobalSection
	GlobalSection(ExtensibilityGlobals) = postSolution
		SolutionGuid = {E5F97996-F2CC-4768-9904-C4E56B5F45E8}
	EndGlobalSection
EndGlobal
